
Microsoft Visual Studio Solution File, Format Version 12.00
# Visual Studio Version 16
VisualStudioVersion = 16.0.30711.63
MinimumVisualStudioVersion = 10.0.40219.1
Project("{FAE04EC0-301F-11D3-BF4B-00C04F79EFBC}") = "csvTransformer1", "csvTransformer1\csvTransformer1.csproj", "{372E8D92-049C-4C3A-8EFE-7A3D1691C156}"
EndProject
Global
	GlobalSection(SolutionConfigurationPlatforms) = preSolution
		Debug|Any CPU = Debug|Any CPU
		Release|Any CPU = Release|Any CPU
	EndGlobalSection
	GlobalSection(ProjectConfigurationPlatforms) = postSolution
		{372E8D92-049C-4C3A-8EFE-7A3D1691C156}.Debug|Any CPU.ActiveCfg = Debug|Any CPU
		{372E8D92-049C-4C3A-8EFE-7A3D1691C156}.Debug|Any CPU.Build.0 = Debug|Any CPU
		{372E8D92-049C-4C3A-8EFE-7A3D1691C156}.Release|Any CPU.ActiveCfg = Release|Any CPU
		{372E8D92-049C-4C3A-8EFE-7A3D1691C156}.Release|Any CPU.Build.0 = Release|Any CPU
	EndGlobalSection
	GlobalSection(SolutionProperties) = preSolution
		HideSolutionNode = FALSE
	EndGlobalSection
	GlobalSection(ExtensibilityGlobals) = postSolution
		SolutionGuid = {C5E324CC-94B3-4F39-A5C2-AACB1DA13EA7}
	EndGlobalSection
EndGlobal
